
Microsoft Visual Studio Solution File, Format Version 12.00
# Visual Studio Version 17
VisualStudioVersion = 17.1.32210.238
MinimumVisualStudioVersion = 10.0.40219.1
Project("{9A19103F-16F7-4668-BE54-9A1E7A4F7556}") = "FoodHub", "FoodHub.csproj", "{68359D51-20BF-4C00-882D-1161A814C111}"
EndProject
Global
	GlobalSection(SolutionConfigurationPlatforms) = preSolution
		Debug|Any CPU = Debug|Any CPU
		Release|Any CPU = Release|Any CPU
	EndGlobalSection
	GlobalSection(ProjectConfigurationPlatforms) = postSolution
		{68359D51-20BF-4C00-882D-1161A814C111}.Debug|Any CPU.ActiveCfg = Debug|Any CPU
		{68359D51-20BF-4C00-882D-1161A814C111}.Debug|Any CPU.Build.0 = Debug|Any CPU
		{68359D51-20BF-4C00-882D-1161A814C111}.Release|Any CPU.ActiveCfg = Release|Any CPU
		{68359D51-20BF-4C00-882D-1161A814C111}.Release|Any CPU.Build.0 = Release|Any CPU
	EndGlobalSection
	GlobalSection(SolutionProperties) = preSolution
		HideSolutionNode = FALSE
	EndGlobalSection
	GlobalSection(ExtensibilityGlobals) = postSolution
		SolutionGuid = {63E07351-18C0-41E9-91D1-6EDFCC280CF1}
	EndGlobalSection
EndGlobal
